
Microsoft Visual Studio Solution File, Format Version 12.00
# Visual Studio Version 17
VisualStudioVersion = 17.8.34330.188
MinimumVisualStudioVersion = 10.0.40219.1
Project("{9A19103F-16F7-4668-BE54-9A1E7A4F7556}") = "Elrashid.WhatsApp.Api", "Elrashid.WhatsApp.Api.csproj", "{9168BDFE-1A36-4AA7-A2AA-7191BFF1E87F}"
EndProject
Global
	GlobalSection(SolutionConfigurationPlatforms) = preSolution
		Debug|Any CPU = Debug|Any CPU
		Release|Any CPU = Release|Any CPU
	EndGlobalSection
	GlobalSection(ProjectConfigurationPlatforms) = postSolution
		{9168BDFE-1A36-4AA7-A2AA-7191BFF1E87F}.Debug|Any CPU.ActiveCfg = Debug|Any CPU
		{9168BDFE-1A36-4AA7-A2AA-7191BFF1E87F}.Debug|Any CPU.Build.0 = Debug|Any CPU
		{9168BDFE-1A36-4AA7-A2AA-7191BFF1E87F}.Release|Any CPU.ActiveCfg = Release|Any CPU
		{9168BDFE-1A36-4AA7-A2AA-7191BFF1E87F}.Release|Any CPU.Build.0 = Release|Any CPU
	EndGlobalSection
	GlobalSection(SolutionProperties) = preSolution
		HideSolutionNode = FALSE
	EndGlobalSection
	GlobalSection(ExtensibilityGlobals) = postSolution
		SolutionGuid = {33B54AA9-62BD-4721-B0C6-EBDCD6483EF8}
	EndGlobalSection
EndGlobal
